
Microsoft Visual Studio Solution File, Format Version 12.00
# Visual Studio Version 16
VisualStudioVersion = 16.0.30626.31
MinimumVisualStudioVersion = 10.0.40219.1
Project("{FAE04EC0-301F-11D3-BF4B-00C04F79EFBC}") = "KristianCode.Server", "Server\KristianCode.Server.csproj", "{B0E22C75-3433-43D3-ACDF-B6F25A1A09B5}"
EndProject
Project("{FAE04EC0-301F-11D3-BF4B-00C04F79EFBC}") = "KristianCode.Client", "Client\KristianCode.Client.csproj", "{20B8527F-1C74-47F3-BA75-1EBE44FB2528}"
EndProject
Project("{FAE04EC0-301F-11D3-BF4B-00C04F79EFBC}") = "KristianCode.Shared", "Shared\KristianCode.Shared.csproj", "{BDB2BF5D-508D-42C9-9431-D72EF4A73B07}"
EndProject
Global
	GlobalSection(SolutionConfigurationPlatforms) = preSolution
		Debug|Any CPU = Debug|Any CPU
		Release|Any CPU = Release|Any CPU
	EndGlobalSection
	GlobalSection(ProjectConfigurationPlatforms) = postSolution
		{B0E22C75-3433-43D3-ACDF-B6F25A1A09B5}.Debug|Any CPU.ActiveCfg = Debug|Any CPU
		{B0E22C75-3433-43D3-ACDF-B6F25A1A09B5}.Debug|Any CPU.Build.0 = Debug|Any CPU
		{B0E22C75-3433-43D3-ACDF-B6F25A1A09B5}.Release|Any CPU.ActiveCfg = Release|Any CPU
		{B0E22C75-3433-43D3-ACDF-B6F25A1A09B5}.Release|Any CPU.Build.0 = Release|Any CPU
		{20B8527F-1C74-47F3-BA75-1EBE44FB2528}.Debug|Any CPU.ActiveCfg = Debug|Any CPU
		{20B8527F-1C74-47F3-BA75-1EBE44FB2528}.Debug|Any CPU.Build.0 = Debug|Any CPU
		{20B8527F-1C74-47F3-BA75-1EBE44FB2528}.Release|Any CPU.ActiveCfg = Release|Any CPU
		{20B8527F-1C74-47F3-BA75-1EBE44FB2528}.Release|Any CPU.Build.0 = Release|Any CPU
		{BDB2BF5D-508D-42C9-9431-D72EF4A73B07}.Debug|Any CPU.ActiveCfg = Debug|Any CPU
		{BDB2BF5D-508D-42C9-9431-D72EF4A73B07}.Debug|Any CPU.Build.0 = Debug|Any CPU
		{BDB2BF5D-508D-42C9-9431-D72EF4A73B07}.Release|Any CPU.ActiveCfg = Release|Any CPU
		{BDB2BF5D-508D-42C9-9431-D72EF4A73B07}.Release|Any CPU.Build.0 = Release|Any CPU
	EndGlobalSection
	GlobalSection(SolutionProperties) = preSolution
		HideSolutionNode = FALSE
	EndGlobalSection
	GlobalSection(ExtensibilityGlobals) = postSolution
		SolutionGuid = {7125C3CA-D271-4BD2-90B5-D8C1AE44C529}
	EndGlobalSection
EndGlobal
